
Microsoft Visual Studio Solution File, Format Version 12.00
# Visual Studio Version 17
VisualStudioVersion = 17.10.35013.160
MinimumVisualStudioVersion = 10.0.40219.1
Project("{9A19103F-16F7-4668-BE54-9A1E7A4F7556}") = "MyVegieStore", "MyVegieStore.csproj", "{208699A7-4513-4B1A-A049-32668E07DE9D}"
EndProject
Global
	GlobalSection(SolutionConfigurationPlatforms) = preSolution
		Debug|Any CPU = Debug|Any CPU
		Release|Any CPU = Release|Any CPU
	EndGlobalSection
	GlobalSection(ProjectConfigurationPlatforms) = postSolution
		{208699A7-4513-4B1A-A049-32668E07DE9D}.Debug|Any CPU.ActiveCfg = Debug|Any CPU
		{208699A7-4513-4B1A-A049-32668E07DE9D}.Debug|Any CPU.Build.0 = Debug|Any CPU
		{208699A7-4513-4B1A-A049-32668E07DE9D}.Release|Any CPU.ActiveCfg = Release|Any CPU
		{208699A7-4513-4B1A-A049-32668E07DE9D}.Release|Any CPU.Build.0 = Release|Any CPU
	EndGlobalSection
	GlobalSection(SolutionProperties) = preSolution
		HideSolutionNode = FALSE
	EndGlobalSection
	GlobalSection(ExtensibilityGlobals) = postSolution
		SolutionGuid = {6376F93D-5643-42B2-8FD5-D3C2A6AE5AA4}
	EndGlobalSection
EndGlobal
